
Microsoft Visual Studio Solution File, Format Version 12.00
# Visual Studio Version 17
VisualStudioVersion = 17.0.31903.59
MinimumVisualStudioVersion = 10.0.40219.1
Project("{FAE04EC0-301F-11D3-BF4B-00C04F79EFBC}") = "Project.Green.General.API", "Project.Green.General.API\Project.Green.General.API.csproj", "{A39479A6-13F3-4702-A5D7-759F0C3B9151}"
EndProject
Project("{FAE04EC0-301F-11D3-BF4B-00C04F79EFBC}") = "Project.Green.General.Domain", "Project.Green.General.Domain\Project.Green.General.Domain.csproj", "{B0E2A533-7649-49BE-B03B-04F960B637FF}"
EndProject
Global
	GlobalSection(SolutionConfigurationPlatforms) = preSolution
		Debug|Any CPU = Debug|Any CPU
		Release|Any CPU = Release|Any CPU
	EndGlobalSection
	GlobalSection(SolutionProperties) = preSolution
		HideSolutionNode = FALSE
	EndGlobalSection
	GlobalSection(ProjectConfigurationPlatforms) = postSolution
		{A39479A6-13F3-4702-A5D7-759F0C3B9151}.Debug|Any CPU.ActiveCfg = Debug|Any CPU
		{A39479A6-13F3-4702-A5D7-759F0C3B9151}.Debug|Any CPU.Build.0 = Debug|Any CPU
		{A39479A6-13F3-4702-A5D7-759F0C3B9151}.Release|Any CPU.ActiveCfg = Release|Any CPU
		{A39479A6-13F3-4702-A5D7-759F0C3B9151}.Release|Any CPU.Build.0 = Release|Any CPU
		{B0E2A533-7649-49BE-B03B-04F960B637FF}.Debug|Any CPU.ActiveCfg = Debug|Any CPU
		{B0E2A533-7649-49BE-B03B-04F960B637FF}.Debug|Any CPU.Build.0 = Debug|Any CPU
		{B0E2A533-7649-49BE-B03B-04F960B637FF}.Release|Any CPU.ActiveCfg = Release|Any CPU
		{B0E2A533-7649-49BE-B03B-04F960B637FF}.Release|Any CPU.Build.0 = Release|Any CPU
	EndGlobalSection
EndGlobal
